
Microsoft Visual Studio Solution File, Format Version 12.00
# Visual Studio Version 16
VisualStudioVersion = 16.0.31624.102
MinimumVisualStudioVersion = 10.0.40219.1
Project("{FAE04EC0-301F-11D3-BF4B-00C04F79EFBC}") = "CapaDatos", "CapaDatos\CapaDatos.csproj", "{271B4ED9-C184-45FA-A998-C7C2E78389A2}"
EndProject
Project("{FAE04EC0-301F-11D3-BF4B-00C04F79EFBC}") = "CapaNegocios", "CapaNegocios\CapaNegocios.csproj", "{C07ACA06-2D0E-475C-9A20-3D043A27EDF9}"
EndProject
Project("{FAE04EC0-301F-11D3-BF4B-00C04F79EFBC}") = "SCM", "wfaFarmacia_Ney\SCM.csproj", "{D0612813-7D16-4D5D-905A-0BFB16C66191}"
EndProject
Global
	GlobalSection(SolutionConfigurationPlatforms) = preSolution
		CD_ROM|Any CPU = CD_ROM|Any CPU
		Debug|Any CPU = Debug|Any CPU
		DVD-5|Any CPU = DVD-5|Any CPU
		Release|Any CPU = Release|Any CPU
		SingleImage|Any CPU = SingleImage|Any CPU
	EndGlobalSection
	GlobalSection(ProjectConfigurationPlatforms) = postSolution
		{271B4ED9-C184-45FA-A998-C7C2E78389A2}.CD_ROM|Any CPU.ActiveCfg = Release|Any CPU
		{271B4ED9-C184-45FA-A998-C7C2E78389A2}.CD_ROM|Any CPU.Build.0 = Release|Any CPU
		{271B4ED9-C184-45FA-A998-C7C2E78389A2}.Debug|Any CPU.ActiveCfg = Release|Any CPU
		{271B4ED9-C184-45FA-A998-C7C2E78389A2}.Debug|Any CPU.Build.0 = Release|Any CPU
		{271B4ED9-C184-45FA-A998-C7C2E78389A2}.DVD-5|Any CPU.ActiveCfg = Debug|Any CPU
		{271B4ED9-C184-45FA-A998-C7C2E78389A2}.DVD-5|Any CPU.Build.0 = Debug|Any CPU
		{271B4ED9-C184-45FA-A998-C7C2E78389A2}.Release|Any CPU.ActiveCfg = Debug|Any CPU
		{271B4ED9-C184-45FA-A998-C7C2E78389A2}.Release|Any CPU.Build.0 = Debug|Any CPU
		{271B4ED9-C184-45FA-A998-C7C2E78389A2}.SingleImage|Any CPU.ActiveCfg = Release|Any CPU
		{271B4ED9-C184-45FA-A998-C7C2E78389A2}.SingleImage|Any CPU.Build.0 = Release|Any CPU
		{C07ACA06-2D0E-475C-9A20-3D043A27EDF9}.CD_ROM|Any CPU.ActiveCfg = Release|Any CPU
		{C07ACA06-2D0E-475C-9A20-3D043A27EDF9}.CD_ROM|Any CPU.Build.0 = Release|Any CPU
		{C07ACA06-2D0E-475C-9A20-3D043A27EDF9}.Debug|Any CPU.ActiveCfg = Release|Any CPU
		{C07ACA06-2D0E-475C-9A20-3D043A27EDF9}.Debug|Any CPU.Build.0 = Release|Any CPU
		{C07ACA06-2D0E-475C-9A20-3D043A27EDF9}.DVD-5|Any CPU.ActiveCfg = Debug|Any CPU
		{C07ACA06-2D0E-475C-9A20-3D043A27EDF9}.DVD-5|Any CPU.Build.0 = Debug|Any CPU
		{C07ACA06-2D0E-475C-9A20-3D043A27EDF9}.Release|Any CPU.ActiveCfg = Debug|Any CPU
		{C07ACA06-2D0E-475C-9A20-3D043A27EDF9}.Release|Any CPU.Build.0 = Debug|Any CPU
		{C07ACA06-2D0E-475C-9A20-3D043A27EDF9}.SingleImage|Any CPU.ActiveCfg = Release|Any CPU
		{C07ACA06-2D0E-475C-9A20-3D043A27EDF9}.SingleImage|Any CPU.Build.0 = Release|Any CPU
		{D0612813-7D16-4D5D-905A-0BFB16C66191}.CD_ROM|Any CPU.ActiveCfg = Release|Any CPU
		{D0612813-7D16-4D5D-905A-0BFB16C66191}.CD_ROM|Any CPU.Build.0 = Release|Any CPU
		{D0612813-7D16-4D5D-905A-0BFB16C66191}.Debug|Any CPU.ActiveCfg = Release|Any CPU
		{D0612813-7D16-4D5D-905A-0BFB16C66191}.Debug|Any CPU.Build.0 = Release|Any CPU
		{D0612813-7D16-4D5D-905A-0BFB16C66191}.DVD-5|Any CPU.ActiveCfg = Debug|Any CPU
		{D0612813-7D16-4D5D-905A-0BFB16C66191}.DVD-5|Any CPU.Build.0 = Debug|Any CPU
		{D0612813-7D16-4D5D-905A-0BFB16C66191}.Release|Any CPU.ActiveCfg = Release|Any CPU
		{D0612813-7D16-4D5D-905A-0BFB16C66191}.Release|Any CPU.Build.0 = Release|Any CPU
		{D0612813-7D16-4D5D-905A-0BFB16C66191}.SingleImage|Any CPU.ActiveCfg = Release|Any CPU
		{D0612813-7D16-4D5D-905A-0BFB16C66191}.SingleImage|Any CPU.Build.0 = Release|Any CPU
	EndGlobalSection
	GlobalSection(SolutionProperties) = preSolution
		HideSolutionNode = FALSE
	EndGlobalSection
	GlobalSection(ExtensibilityGlobals) = postSolution
		SolutionGuid = {CA8776BB-68CB-4FAB-8BF5-6FE3684D4B20}
	EndGlobalSection
EndGlobal
